// !$*UTF8*$!
{
	archiveVersion = 1;
	classes = {
	};
	objectVersion = 56;
	objects = {

/* Begin PBXBuildFile section */
		14BE84962A2641F00021F902 /* DeepLinkAppApp.swift in Sources */ = {isa = PBXBuildFile; fileRef = 14BE84952A2641F00021F902 /* DeepLinkAppApp.swift */; };
		14BE84982A2641F00021F902 /* ContentView.swift in Sources */ = {isa = PBXBuildFile; fileRef = 14BE84972A2641F00021F902 /* ContentView.swift */; };
		14BE849A2A2641F20021F902 /* Assets.xcassets in Resources */ = {isa = PBXBuildFile; fileRef = 14BE84992A2641F20021F902 /* Assets.xcassets */; };
		14BE849D2A2641F20021F902 /* Preview Assets.xcassets in Resources */ = {isa = PBXBuildFile; fileRef = 14BE849C2A2641F20021F902 /* Preview Assets.xcassets */; };
		14BE84A62A26421A0021F902 /* Tab.swift in Sources */ = {isa = PBXBuildFile; fileRef = 14BE84A52A26421A0021F902 /* Tab.swift */; };
		14BE84A92A2642FE0021F902 /* HomeStack.swift in Sources */ = {isa = PBXBuildFile; fileRef = 14BE84A82A2642FE0021F902 /* HomeStack.swift */; };
		14BE84AB2A26430F0021F902 /* FavouriteStack.swift in Sources */ = {isa = PBXBuildFile; fileRef = 14BE84AA2A26430F0021F902 /* FavouriteStack.swift */; };
		14BE84AD2A26431E0021F902 /* SettingsStack.swift in Sources */ = {isa = PBXBuildFile; fileRef = 14BE84AC2A26431E0021F902 /* SettingsStack.swift */; };
		14BE84AF2A2645A40021F902 /* AppData.swift in Sources */ = {isa = PBXBuildFile; fileRef = 14BE84AE2A2645A40021F902 /* AppData.swift */; };
		14BE84B12A26469B0021F902 /* Home.swift in Sources */ = {isa = PBXBuildFile; fileRef = 14BE84B02A26469B0021F902 /* Home.swift */; };
		14BE84B42A2653610021F902 /* AnyNavView.swift in Sources */ = {isa = PBXBuildFile; fileRef = 14BE84B32A2653610021F902 /* AnyNavView.swift */; };
/* End PBXBuildFile section */

/* Begin PBXFileReference section */
		14BE84922A2641F00021F902 /* DeepLinkApp.app */ = {isa = PBXFileReference; explicitFileType = wrapper.application; includeInIndex = 0; path = DeepLinkApp.app; sourceTree = BUILT_PRODUCTS_DIR; };
		14BE84952A2641F00021F902 /* DeepLinkAppApp.swift */ = {isa = PBXFileReference; lastKnownFileType = sourcecode.swift; path = DeepLinkAppApp.swift; sourceTree = "<group>"; };
		14BE84972A2641F00021F902 /* ContentView.swift */ = {isa = PBXFileReference; lastKnownFileType = sourcecode.swift; path = ContentView.swift; sourceTree = "<group>"; };
		14BE84992A2641F20021F902 /* Assets.xcassets */ = {isa = PBXFileReference; lastKnownFileType = folder.assetcatalog; path = Assets.xcassets; sourceTree = "<group>"; };
		14BE849C2A2641F20021F902 /* Preview Assets.xcassets */ = {isa = PBXFileReference; lastKnownFileType = folder.assetcatalog; path = "Preview Assets.xcassets"; sourceTree = "<group>"; };
		14BE84A52A26421A0021F902 /* Tab.swift */ = {isa = PBXFileReference; lastKnownFileType = sourcecode.swift; path = Tab.swift; sourceTree = "<group>"; };
		14BE84A82A2642FE0021F902 /* HomeStack.swift */ = {isa = PBXFileReference; lastKnownFileType = sourcecode.swift; path = HomeStack.swift; sourceTree = "<group>"; };
		14BE84AA2A26430F0021F902 /* FavouriteStack.swift */ = {isa = PBXFileReference; lastKnownFileType = sourcecode.swift; path = FavouriteStack.swift; sourceTree = "<group>"; };
		14BE84AC2A26431E0021F902 /* SettingsStack.swift */ = {isa = PBXFileReference; lastKnownFileType = sourcecode.swift; path = SettingsStack.swift; sourceTree = "<group>"; };
		14BE84AE2A2645A40021F902 /* AppData.swift */ = {isa = PBXFileReference; lastKnownFileType = sourcecode.swift; path = AppData.swift; sourceTree = "<group>"; };
		14BE84B02A26469B0021F902 /* Home.swift */ = {isa = PBXFileReference; lastKnownFileType = sourcecode.swift; path = Home.swift; sourceTree = "<group>"; };
		14BE84B22A264AD10021F902 /* Info.plist */ = {isa = PBXFileReference; lastKnownFileType = text.plist; path = Info.plist; sourceTree = "<group>"; };
		14BE84B32A2653610021F902 /* AnyNavView.swift */ = {isa = PBXFileReference; lastKnownFileType = sourcecode.swift; path = AnyNavView.swift; sourceTree = "<group>"; };
/* End PBXFileReference section */

/* Begin PBXFrameworksBuildPhase section */
		14BE848F2A2641F00021F902 /* Frameworks */ = {
			isa = PBXFrameworksBuildPhase;
			buildActionMask = 2147483647;
			files = (
			);
			runOnlyForDeploymentPostprocessing = 0;
		};
/* End PBXFrameworksBuildPhase section */

/* Begin PBXGroup section */
		14BE84892A2641F00021F902 = {
			isa = PBXGroup;
			children = (
				14BE84942A2641F00021F902 /* DeepLinkApp */,
				14BE84932A2641F00021F902 /* Products */,
			);
			sourceTree = "<group>";
		};
		14BE84932A2641F00021F902 /* Products */ = {
			isa = PBXGroup;
			children = (
				14BE84922A2641F00021F902 /* DeepLinkApp.app */,
			);
			name = Products;
			sourceTree = "<group>";
		};
		14BE84942A2641F00021F902 /* DeepLinkApp */ = {
			isa = PBXGroup;
			children = (
				14BE84B22A264AD10021F902 /* Info.plist */,
				14BE84A42A26420D0021F902 /* View */,
				14BE84A32A2642080021F902 /* Model */,
				14BE84952A2641F00021F902 /* DeepLinkAppApp.swift */,
				14BE84972A2641F00021F902 /* ContentView.swift */,
				14BE84992A2641F20021F902 /* Assets.xcassets */,
				14BE849B2A2641F20021F902 /* Preview Content */,
			);
			path = DeepLinkApp;
			sourceTree = "<group>";
		};
		14BE849B2A2641F20021F902 /* Preview Content */ = {
			isa = PBXGroup;
			children = (
				14BE849C2A2641F20021F902 /* Preview Assets.xcassets */,
			);
			path = "Preview Content";
			sourceTree = "<group>";
		};
		14BE84A32A2642080021F902 /* Model */ = {
			isa = PBXGroup;
			children = (
				14BE84A72A2642EB0021F902 /* NavStacks */,
				14BE84A52A26421A0021F902 /* Tab.swift */,
				14BE84AE2A2645A40021F902 /* AppData.swift */,
			);
			path = Model;
			sourceTree = "<group>";
		};
		14BE84A42A26420D0021F902 /* View */ = {
			isa = PBXGroup;
			children = (
				14BE84B02A26469B0021F902 /* Home.swift */,
				14BE84B32A2653610021F902 /* AnyNavView.swift */,
			);
			path = View;
			sourceTree = "<group>";
		};
		14BE84A72A2642EB0021F902 /* NavStacks */ = {
			isa = PBXGroup;
			children = (
				14BE84A82A2642FE0021F902 /* HomeStack.swift */,
				14BE84AA2A26430F0021F902 /* FavouriteStack.swift */,
				14BE84AC2A26431E0021F902 /* SettingsStack.swift */,
			);
			path = NavStacks;
			sourceTree = "<group>";
		};
/* End PBXGroup section */

/* Begin PBXNativeTarget section */
		14BE84912A2641F00021F902 /* DeepLinkApp */ = {
			isa = PBXNativeTarget;
			buildConfigurationList = 14BE84A02A2641F20021F902 /* Build configuration list for PBXNativeTarget "DeepLinkApp" */;
			buildPhases = (
				14BE848E2A2641F00021F902 /* Sources */,
				14BE848F2A2641F00021F902 /* Frameworks */,
				14BE84902A2641F00021F902 /* Resources */,
			);
			buildRules = (
			);
			dependencies = (
			);
			name = DeepLinkApp;
			productName = DeepLinkApp;
			productReference = 14BE84922A2641F00021F902 /* DeepLinkApp.app */;
			productType = "com.apple.product-type.application";
		};
/* End PBXNativeTarget section */

/* Begin PBXProject section */
		14BE848A2A2641F00021F902 /* Project object */ = {
			isa = PBXProject;
			attributes = {
				BuildIndependentTargetsInParallel = 1;
				LastSwiftUpdateCheck = 1430;
				LastUpgradeCheck = 1430;
				TargetAttributes = {
					14BE84912A2641F00021F902 = {
						CreatedOnToolsVersion = 14.3;
					};
				};
			};
			buildConfigurationList = 14BE848D2A2641F00021F902 /* Build configuration list for PBXProject "DeepLinkApp" */;
			compatibilityVersion = "Xcode 14.0";
			developmentRegion = en;
			hasScannedForEncodings = 0;
			knownRegions = (
				en,
				Base,
			);
			mainGroup = 14BE84892A2641F00021F902;
			productRefGroup = 14BE84932A2641F00021F902 /* Products */;
			projectDirPath = "";
			projectRoot = "";
			targets = (
				14BE84912A2641F00021F902 /* DeepLinkApp */,
			);
		};
/* End PBXProject section */

/* Begin PBXResourcesBuildPhase section */
		14BE84902A2641F00021F902 /* Resources */ = {
			isa = PBXResourcesBuildPhase;
			buildActionMask = 2147483647;
			files = (
				14BE849D2A2641F20021F902 /* Preview Assets.xcassets in Resources */,
				14BE849A2A2641F20021F902 /* Assets.xcassets in Resources */,
			);
			runOnlyForDeploymentPostprocessing = 0;
		};
/* End PBXResourcesBuildPhase section */

/* Begin PBXSourcesBuildPhase section */
		14BE848E2A2641F00021F902 /* Sources */ = {
			isa = PBXSourcesBuildPhase;
			buildActionMask = 2147483647;
			files = (
				14BE84A62A26421A0021F902 /* Tab.swift in Sources */,
				14BE84AD2A26431E0021F902 /* SettingsStack.swift in Sources */,
				14BE84A92A2642FE0021F902 /* HomeStack.swift in Sources */,
				14BE84982A2641F00021F902 /* ContentView.swift in Sources */,
				14BE84AB2A26430F0021F902 /* FavouriteStack.swift in Sources */,
				14BE84962A2641F00021F902 /* DeepLinkAppApp.swift in Sources */,
				14BE84B12A26469B0021F902 /* Home.swift in Sources */,
				14BE84AF2A2645A40021F902 /* AppData.swift in Sources */,
				14BE84B42A2653610021F902 /* AnyNavView.swift in Sources */,
			);
			runOnlyForDeploymentPostprocessing = 0;
		};
/* End PBXSourcesBuildPhase section */

/* Begin XCBuildConfiguration section */
		14BE849E2A2641F20021F902 /* Debug */ = {
			isa = XCBuildConfiguration;
			buildSettings = {
				ALWAYS_SEARCH_USER_PATHS = NO;
				CLANG_ANALYZER_NONNULL = YES;
				CLANG_ANALYZER_NUMBER_OBJECT_CONVERSION = YES_AGGRESSIVE;
				CLANG_CXX_LANGUAGE_STANDARD = "gnu++20";
				CLANG_ENABLE_MODULES = YES;
				CLANG_ENABLE_OBJC_ARC = YES;
				CLANG_ENABLE_OBJC_WEAK = YES;
				CLANG_WARN_BLOCK_CAPTURE_AUTORELEASING = YES;
				CLANG_WARN_BOOL_CONVERSION = YES;
				CLANG_WARN_COMMA = YES;
				CLANG_WARN_CONSTANT_CONVERSION = YES;
				CLANG_WARN_DEPRECATED_OBJC_IMPLEMENTATIONS = YES;
				CLANG_WARN_DIRECT_OBJC_ISA_USAGE = YES_ERROR;
				CLANG_WARN_DOCUMENTATION_COMMENTS = YES;
				CLANG_WARN_EMPTY_BODY = YES;
				CLANG_WARN_ENUM_CONVERSION = YES;
				CLANG_WARN_INFINITE_RECURSION = YES;
				CLANG_WARN_INT_CONVERSION = YES;
				CLANG_WARN_NON_LITERAL_NULL_CONVERSION = YES;
				CLANG_WARN_OBJC_IMPLICIT_RETAIN_SELF = YES;
				CLANG_WARN_OBJC_LITERAL_CONVERSION = YES;
				CLANG_WARN_OBJC_ROOT_CLASS = YES_ERROR;
				CLANG_WARN_QUOTED_INCLUDE_IN_FRAMEWORK_HEADER = YES;
				CLANG_WARN_RANGE_LOOP_ANALYSIS = YES;
				CLANG_WARN_STRICT_PROTOTYPES = YES;
				CLANG_WARN_SUSPICIOUS_MOVE = YES;
				CLANG_WARN_UNGUARDED_AVAILABILITY = YES_AGGRESSIVE;
				CLANG_WARN_UNREACHABLE_CODE = YES;
				CLANG_WARN__DUPLICATE_METHOD_MATCH = YES;
				COPY_PHASE_STRIP = NO;
				DEBUG_INFORMATION_FORMAT = dwarf;
				ENABLE_STRICT_OBJC_MSGSEND = YES;
				ENABLE_TESTABILITY = YES;
				GCC_C_LANGUAGE_STANDARD = gnu11;
				GCC_DYNAMIC_NO_PIC = NO;
				GCC_NO_COMMON_BLOCKS = YES;
				GCC_OPTIMIZATION_LEVEL = 0;
				GCC_PREPROCESSOR_DEFINITIONS = (
					"DEBUG=1",
					"$(inherited)",
				);
				GCC_WARN_64_TO_32_BIT_CONVERSION = YES;
				GCC_WARN_ABOUT_RETURN_TYPE = YES_ERROR;
				GCC_WARN_UNDECLARED_SELECTOR = YES;
				GCC_WARN_UNINITIALIZED_AUTOS = YES_AGGRESSIVE;
				GCC_WARN_UNUSED_FUNCTION = YES;
				GCC_WARN_UNUSED_VARIABLE = YES;
				IPHONEOS_DEPLOYMENT_TARGET = 16.4;
				MTL_ENABLE_DEBUG_INFO = INCLUDE_SOURCE;
				MTL_FAST_MATH = YES;
				ONLY_ACTIVE_ARCH = YES;
				SDKROOT = iphoneos;
				SWIFT_ACTIVE_COMPILATION_CONDITIONS = DEBUG;
				SWIFT_OPTIMIZATION_LEVEL = "-Onone";
			};
			name = Debug;
		};
		14BE849F2A2641F20021F902 /* Release */ = {
			isa = XCBuildConfiguration;
			buildSettings = {
				ALWAYS_SEARCH_USER_PATHS = NO;
				CLANG_ANALYZER_NONNULL = YES;
				CLANG_ANALYZER_NUMBER_OBJECT_CONVERSION = YES_AGGRESSIVE;
				CLANG_CXX_LANGUAGE_STANDARD = "gnu++20";
				CLANG_ENABLE_MODULES = YES;
				CLANG_ENABLE_OBJC_ARC = YES;
				CLANG_ENABLE_OBJC_WEAK = YES;
				CLANG_WARN_BLOCK_CAPTURE_AUTORELEASING = YES;
				CLANG_WARN_BOOL_CONVERSION = YES;
				CLANG_WARN_COMMA = YES;
				CLANG_WARN_CONSTANT_CONVERSION = YES;
				CLANG_WARN_DEPRECATED_OBJC_IMPLEMENTATIONS = YES;
				CLANG_WARN_DIRECT_OBJC_ISA_USAGE = YES_ERROR;
				CLANG_WARN_DOCUMENTATION_COMMENTS = YES;
				CLANG_WARN_EMPTY_BODY = YES;
				CLANG_WARN_ENUM_CONVERSION = YES;
				CLANG_WARN_INFINITE_RECURSION = YES;
				CLANG_WARN_INT_CONVERSION = YES;
				CLANG_WARN_NON_LITERAL_NULL_CONVERSION = YES;
				CLANG_WARN_OBJC_IMPLICIT_RETAIN_SELF = YES;
				CLANG_WARN_OBJC_LITERAL_CONVERSION = YES;
				CLANG_WARN_OBJC_ROOT_CLASS = YES_ERROR;
				CLANG_WARN_QUOTED_INCLUDE_IN_FRAMEWORK_HEADER = YES;
				CLANG_WARN_RANGE_LOOP_ANALYSIS = YES;
				CLANG_WARN_STRICT_PROTOTYPES = YES;
				CLANG_WARN_SUSPICIOUS_MOVE = YES;
				CLANG_WARN_UNGUARDED_AVAILABILITY = YES_AGGRESSIVE;
				CLANG_WARN_UNREACHABLE_CODE = YES;
				CLANG_WARN__DUPLICATE_METHOD_MATCH = YES;
				COPY_PHASE_STRIP = NO;
				DEBUG_INFORMATION_FORMAT = "dwarf-with-dsym";
				ENABLE_NS_ASSERTIONS = NO;
				ENABLE_STRICT_OBJC_MSGSEND = YES;
				GCC_C_LANGUAGE_STANDARD = gnu11;
				GCC_NO_COMMON_BLOCKS = YES;
				GCC_WARN_64_TO_32_BIT_CONVERSION = YES;
				GCC_WARN_ABOUT_RETURN_TYPE = YES_ERROR;
				GCC_WARN_UNDECLARED_SELECTOR = YES;
				GCC_WARN_UNINITIALIZED_AUTOS = YES_AGGRESSIVE;
				GCC_WARN_UNUSED_FUNCTION = YES;
				GCC_WARN_UNUSED_VARIABLE = YES;
				IPHONEOS_DEPLOYMENT_TARGET = 16.4;
				MTL_ENABLE_DEBUG_INFO = NO;
				MTL_FAST_MATH = YES;
				SDKROOT = iphoneos;
				SWIFT_COMPILATION_MODE = wholemodule;
				SWIFT_OPTIMIZATION_LEVEL = "-O";
				VALIDATE_PRODUCT = YES;
			};
			name = Release;
		};
		14BE84A12A2641F20021F902 /* Debug */ = {
			isa = XCBuildConfiguration;
			buildSettings = {
				ASSETCATALOG_COMPILER_APPICON_NAME = AppIcon;
				ASSETCATALOG_COMPILER_GLOBAL_ACCENT_COLOR_NAME = AccentColor;
				CODE_SIGN_STYLE = Automatic;
				CURRENT_PROJECT_VERSION = 1;
				DEVELOPMENT_ASSET_PATHS = "\"DeepLinkApp/Preview Content\"";
				DEVELOPMENT_TEAM = 5PA42A853Q;
				ENABLE_PREVIEWS = YES;
				GENERATE_INFOPLIST_FILE = YES;
				INFOPLIST_FILE = DeepLinkApp/Info.plist;
				INFOPLIST_KEY_UIApplicationSceneManifest_Generation = YES;
				INFOPLIST_KEY_UIApplicationSupportsIndirectInputEvents = YES;
				INFOPLIST_KEY_UILaunchScreen_Generation = YES;
				INFOPLIST_KEY_UISupportedInterfaceOrientations_iPad = "UIInterfaceOrientationPortrait UIInterfaceOrientationPortraitUpsideDown UIInterfaceOrientationLandscapeLeft UIInterfaceOrientationLandscapeRight";
				INFOPLIST_KEY_UISupportedInterfaceOrientations_iPhone = "UIInterfaceOrientationPortrait UIInterfaceOrientationLandscapeLeft UIInterfaceOrientationLandscapeRight";
				LD_RUNPATH_SEARCH_PATHS = (
					"$(inherited)",
					"@executable_path/Frameworks",
				);
				MARKETING_VERSION = 1.0;
				PRODUCT_BUNDLE_IDENTIFIER = Vadim.Shinkarenko.DeepLinkApp;
				PRODUCT_NAME = "$(TARGET_NAME)";
				SWIFT_EMIT_LOC_STRINGS = YES;
				SWIFT_VERSION = 5.0;
				TARGETED_DEVICE_FAMILY = "1,2";
			};
			name = Debug;
		};
		14BE84A22A2641F20021F902 /* Release */ = {
			isa = XCBuildConfiguration;
			buildSettings = {
				ASSETCATALOG_COMPILER_APPICON_NAME = AppIcon;
				ASSETCATALOG_COMPILER_GLOBAL_ACCENT_COLOR_NAME = AccentColor;
				CODE_SIGN_STYLE = Automatic;
				CURRENT_PROJECT_VERSION = 1;
				DEVELOPMENT_ASSET_PATHS = "\"DeepLinkApp/Preview Content\"";
				DEVELOPMENT_TEAM = 5PA42A853Q;
				ENABLE_PREVIEWS = YES;
				GENERATE_INFOPLIST_FILE = YES;
				INFOPLIST_FILE = DeepLinkApp/Info.plist;
				INFOPLIST_KEY_UIApplicationSceneManifest_Generation = YES;
				INFOPLIST_KEY_UIApplicationSupportsIndirectInputEvents = YES;
				INFOPLIST_KEY_UILaunchScreen_Generation = YES;
				INFOPLIST_KEY_UISupportedInterfaceOrientations_iPad = "UIInterfaceOrientationPortrait UIInterfaceOrientationPortraitUpsideDown UIInterfaceOrientationLandscapeLeft UIInterfaceOrientationLandscapeRight";
				INFOPLIST_KEY_UISupportedInterfaceOrientations_iPhone = "UIInterfaceOrientationPortrait UIInterfaceOrientationLandscapeLeft UIInterfaceOrientationLandscapeRight";
				LD_RUNPATH_SEARCH_PATHS = (
					"$(inherited)",
					"@executable_path/Frameworks",
				);
				MARKETING_VERSION = 1.0;
				PRODUCT_BUNDLE_IDENTIFIER = Vadim.Shinkarenko.DeepLinkApp;
				PRODUCT_NAME = "$(TARGET_NAME)";
				SWIFT_EMIT_LOC_STRINGS = YES;
				SWIFT_VERSION = 5.0;
				TARGETED_DEVICE_FAMILY = "1,2";
			};
			name = Release;
		};
/* End XCBuildConfiguration section */

/* Begin XCConfigurationList section */
		14BE848D2A2641F00021F902 /* Build configuration list for PBXProject "DeepLinkApp" */ = {
			isa = XCConfigurationList;
			buildConfigurations = (
				14BE849E2A2641F20021F902 /* Debug */,
				14BE849F2A2641F20021F902 /* Release */,
			);
			defaultConfigurationIsVisible = 0;
			defaultConfigurationName = Release;
		};
		14BE84A02A2641F20021F902 /* Build configuration list for PBXNativeTarget "DeepLinkApp" */ = {
			isa = XCConfigurationList;
			buildConfigurations = (
				14BE84A12A2641F20021F902 /* Debug */,
				14BE84A22A2641F20021F902 /* Release */,
			);
			defaultConfigurationIsVisible = 0;
			defaultConfigurationName = Release;
		};
/* End XCConfigurationList section */
	};
	rootObject = 14BE848A2A2641F00021F902 /* Project object */;
}
